# THIS IS AN AUTOGENERATED FILE. DO NOT EDIT THIS FILE DIRECTLY.
# yarn lockfile v1


chromatic@^11.5.4:
  version "11.5.4"
  resolved "https://registry.yarnpkg.com/chromatic/-/chromatic-11.5.4.tgz#57e71f8a5ad54d10656da53c1761198067c189b5"
  integrity sha512-+J+CopeUSyGUIQJsU6X7CfvSmeVBs0j6LZ9AgF4+XTjI4pFmUiUXsTc00rH9x9W1jCppOaqDXv2kqJJXGDK3mA==
